// !$*UTF8*$!
{
	archiveVersion = 1;
	classes = {
	};
	objectVersion = 50;
	objects = {

/* Begin PBXBuildFile section */
		B2303BEA24E5BCC6003D0FC1 /* AppDelegate.swift in Sources */ = {isa = PBXBuildFile; fileRef = B2303BE924E5BCC6003D0FC1 /* AppDelegate.swift */; };
		B2303BEC24E5BCC6003D0FC1 /* SceneDelegate.swift in Sources */ = {isa = PBXBuildFile; fileRef = B2303BEB24E5BCC6003D0FC1 /* SceneDelegate.swift */; };
		B2303BEE24E5BCC6003D0FC1 /* ViewController.swift in Sources */ = {isa = PBXBuildFile; fileRef = B2303BED24E5BCC6003D0FC1 /* ViewController.swift */; };
		B2303BF124E5BCC6003D0FC1 /* Main.storyboard in Resources */ = {isa = PBXBuildFile; fileRef = B2303BEF24E5BCC6003D0FC1 /* Main.storyboard */; };
		B2303BF324E5BCC7003D0FC1 /* Assets.xcassets in Resources */ = {isa = PBXBuildFile; fileRef = B2303BF224E5BCC7003D0FC1 /* Assets.xcassets */; };
		B2303BF624E5BCC7003D0FC1 /* LaunchScreen.storyboard in Resources */ = {isa = PBXBuildFile; fileRef = B2303BF424E5BCC7003D0FC1 /* LaunchScreen.storyboard */; };
		B2A5EFE124E6C39700E86113 /* Constants.swift in Sources */ = {isa = PBXBuildFile; fileRef = B2A5EFE024E6C39700E86113 /* Constants.swift */; };
		B2A5EFE324E6C44200E86113 /* Model.swift in Sources */ = {isa = PBXBuildFile; fileRef = B2A5EFE224E6C44200E86113 /* Model.swift */; };
		B2A5EFE524E6C58000E86113 /* Video.swift in Sources */ = {isa = PBXBuildFile; fileRef = B2A5EFE424E6C58000E86113 /* Video.swift */; };
		B2A5EFE724E6C5C800E86113 /* Response.swift in Sources */ = {isa = PBXBuildFile; fileRef = B2A5EFE624E6C5C800E86113 /* Response.swift */; };
		B2A5EFE924E6CAF500E86113 /* VideoTableViewCell.swift in Sources */ = {isa = PBXBuildFile; fileRef = B2A5EFE824E6CAF500E86113 /* VideoTableViewCell.swift */; };
		B2A5EFEB24E6CCDE00E86113 /* CacheManager.swift in Sources */ = {isa = PBXBuildFile; fileRef = B2A5EFEA24E6CCDE00E86113 /* CacheManager.swift */; };
		B2A5EFED24E6CD4200E86113 /* DetailViewController.swift in Sources */ = {isa = PBXBuildFile; fileRef = B2A5EFEC24E6CD4200E86113 /* DetailViewController.swift */; };
		B2A5EFF024E6D36F00E86113 /* WebKit.framework in Frameworks */ = {isa = PBXBuildFile; fileRef = B2A5EFEF24E6D36F00E86113 /* WebKit.framework */; };
/* End PBXBuildFile section */

/* Begin PBXFileReference section */
		B2303BE624E5BCC6003D0FC1 /* youtube-playlistApp.app */ = {isa = PBXFileReference; explicitFileType = wrapper.application; includeInIndex = 0; path = "youtube-playlistApp.app"; sourceTree = BUILT_PRODUCTS_DIR; };
		B2303BE924E5BCC6003D0FC1 /* AppDelegate.swift */ = {isa = PBXFileReference; lastKnownFileType = sourcecode.swift; path = AppDelegate.swift; sourceTree = "<group>"; };
		B2303BEB24E5BCC6003D0FC1 /* SceneDelegate.swift */ = {isa = PBXFileReference; lastKnownFileType = sourcecode.swift; path = SceneDelegate.swift; sourceTree = "<group>"; };
		B2303BED24E5BCC6003D0FC1 /* ViewController.swift */ = {isa = PBXFileReference; lastKnownFileType = sourcecode.swift; name = ViewController.swift; path = ../Views/ViewController.swift; sourceTree = "<group>"; };
		B2303BF024E5BCC6003D0FC1 /* Base */ = {isa = PBXFileReference; lastKnownFileType = file.storyboard; name = Base; path = Base.lproj/Main.storyboard; sourceTree = "<group>"; };
		B2303BF224E5BCC7003D0FC1 /* Assets.xcassets */ = {isa = PBXFileReference; lastKnownFileType = folder.assetcatalog; path = Assets.xcassets; sourceTree = "<group>"; };
		B2303BF524E5BCC7003D0FC1 /* Base */ = {isa = PBXFileReference; lastKnownFileType = file.storyboard; name = Base; path = Base.lproj/LaunchScreen.storyboard; sourceTree = "<group>"; };
		B2303BF724E5BCC7003D0FC1 /* Info.plist */ = {isa = PBXFileReference; lastKnownFileType = text.plist.xml; path = Info.plist; sourceTree = "<group>"; };
		B2A5EFE024E6C39700E86113 /* Constants.swift */ = {isa = PBXFileReference; lastKnownFileType = sourcecode.swift; path = Constants.swift; sourceTree = "<group>"; };
		B2A5EFE224E6C44200E86113 /* Model.swift */ = {isa = PBXFileReference; lastKnownFileType = sourcecode.swift; path = Model.swift; sourceTree = "<group>"; };
		B2A5EFE424E6C58000E86113 /* Video.swift */ = {isa = PBXFileReference; lastKnownFileType = sourcecode.swift; path = Video.swift; sourceTree = "<group>"; };
		B2A5EFE624E6C5C800E86113 /* Response.swift */ = {isa = PBXFileReference; lastKnownFileType = sourcecode.swift; path = Response.swift; sourceTree = "<group>"; };
		B2A5EFE824E6CAF500E86113 /* VideoTableViewCell.swift */ = {isa = PBXFileReference; lastKnownFileType = sourcecode.swift; path = VideoTableViewCell.swift; sourceTree = "<group>"; };
		B2A5EFEA24E6CCDE00E86113 /* CacheManager.swift */ = {isa = PBXFileReference; lastKnownFileType = sourcecode.swift; path = CacheManager.swift; sourceTree = "<group>"; };
		B2A5EFEC24E6CD4200E86113 /* DetailViewController.swift */ = {isa = PBXFileReference; lastKnownFileType = sourcecode.swift; path = DetailViewController.swift; sourceTree = "<group>"; };
		B2A5EFEF24E6D36F00E86113 /* WebKit.framework */ = {isa = PBXFileReference; lastKnownFileType = wrapper.framework; name = WebKit.framework; path = System/Library/Frameworks/WebKit.framework; sourceTree = SDKROOT; };
/* End PBXFileReference section */

/* Begin PBXFrameworksBuildPhase section */
		B2303BE324E5BCC6003D0FC1 /* Frameworks */ = {
			isa = PBXFrameworksBuildPhase;
			buildActionMask = 2147483647;
			files = (
				B2A5EFF024E6D36F00E86113 /* WebKit.framework in Frameworks */,
			);
			runOnlyForDeploymentPostprocessing = 0;
		};
/* End PBXFrameworksBuildPhase section */

/* Begin PBXGroup section */
		B2303BDD24E5BCC6003D0FC1 = {
			isa = PBXGroup;
			children = (
				B2303BE824E5BCC6003D0FC1 /* youtube-playlistApp */,
				B2303BE724E5BCC6003D0FC1 /* Products */,
				B2A5EFEE24E6D36F00E86113 /* Frameworks */,
			);
			sourceTree = "<group>";
		};
		B2303BE724E5BCC6003D0FC1 /* Products */ = {
			isa = PBXGroup;
			children = (
				B2303BE624E5BCC6003D0FC1 /* youtube-playlistApp.app */,
			);
			name = Products;
			sourceTree = "<group>";
		};
		B2303BE824E5BCC6003D0FC1 /* youtube-playlistApp */ = {
			isa = PBXGroup;
			children = (
				B2A5EFDF24E6C24F00E86113 /* View Controllers */,
				B2A5EFDE24E6C24A00E86113 /* Views */,
				B2A5EFDD24E6C24400E86113 /* Models */,
				B2A5EFDC24E6C23400E86113 /* Storyboards */,
				B2A5EFDB24E6C22B00E86113 /* Helpers */,
				B2303BE924E5BCC6003D0FC1 /* AppDelegate.swift */,
				B2303BEB24E5BCC6003D0FC1 /* SceneDelegate.swift */,
				B2303BF224E5BCC7003D0FC1 /* Assets.xcassets */,
				B2303BF424E5BCC7003D0FC1 /* LaunchScreen.storyboard */,
				B2303BF724E5BCC7003D0FC1 /* Info.plist */,
			);
			path = "youtube-playlistApp";
			sourceTree = "<group>";
		};
		B2A5EFDB24E6C22B00E86113 /* Helpers */ = {
			isa = PBXGroup;
			children = (
				B2A5EFE024E6C39700E86113 /* Constants.swift */,
				B2A5EFEA24E6CCDE00E86113 /* CacheManager.swift */,
			);
			path = Helpers;
			sourceTree = "<group>";
		};
		B2A5EFDC24E6C23400E86113 /* Storyboards */ = {
			isa = PBXGroup;
			children = (
				B2303BEF24E5BCC6003D0FC1 /* Main.storyboard */,
			);
			path = Storyboards;
			sourceTree = "<group>";
		};
		B2A5EFDD24E6C24400E86113 /* Models */ = {
			isa = PBXGroup;
			children = (
				B2A5EFE224E6C44200E86113 /* Model.swift */,
				B2A5EFE424E6C58000E86113 /* Video.swift */,
				B2A5EFE624E6C5C800E86113 /* Response.swift */,
			);
			path = Models;
			sourceTree = "<group>";
		};
		B2A5EFDE24E6C24A00E86113 /* Views */ = {
			isa = PBXGroup;
			children = (
				B2A5EFE824E6CAF500E86113 /* VideoTableViewCell.swift */,
			);
			path = Views;
			sourceTree = "<group>";
		};
		B2A5EFDF24E6C24F00E86113 /* View Controllers */ = {
			isa = PBXGroup;
			children = (
				B2303BED24E5BCC6003D0FC1 /* ViewController.swift */,
				B2A5EFEC24E6CD4200E86113 /* DetailViewController.swift */,
			);
			path = "View Controllers";
			sourceTree = "<group>";
		};
		B2A5EFEE24E6D36F00E86113 /* Frameworks */ = {
			isa = PBXGroup;
			children = (
				B2A5EFEF24E6D36F00E86113 /* WebKit.framework */,
			);
			name = Frameworks;
			sourceTree = "<group>";
		};
/* End PBXGroup section */

/* Begin PBXNativeTarget section */
		B2303BE524E5BCC6003D0FC1 /* youtube-playlistApp */ = {
			isa = PBXNativeTarget;
			buildConfigurationList = B2303BFA24E5BCC7003D0FC1 /* Build configuration list for PBXNativeTarget "youtube-playlistApp" */;
			buildPhases = (
				B2303BE224E5BCC6003D0FC1 /* Sources */,
				B2303BE324E5BCC6003D0FC1 /* Frameworks */,
				B2303BE424E5BCC6003D0FC1 /* Resources */,
			);
			buildRules = (
			);
			dependencies = (
			);
			name = "youtube-playlistApp";
			productName = "youtube-playlistApp";
			productReference = B2303BE624E5BCC6003D0FC1 /* youtube-playlistApp.app */;
			productType = "com.apple.product-type.application";
		};
/* End PBXNativeTarget section */

/* Begin PBXProject section */
		B2303BDE24E5BCC6003D0FC1 /* Project object */ = {
			isa = PBXProject;
			attributes = {
				LastSwiftUpdateCheck = 1160;
				LastUpgradeCheck = 1160;
				ORGANIZATIONNAME = "elliott kung";
				TargetAttributes = {
					B2303BE524E5BCC6003D0FC1 = {
						CreatedOnToolsVersion = 11.6;
					};
				};
			};
			buildConfigurationList = B2303BE124E5BCC6003D0FC1 /* Build configuration list for PBXProject "youtube-playlistApp" */;
			compatibilityVersion = "Xcode 9.3";
			developmentRegion = en;
			hasScannedForEncodings = 0;
			knownRegions = (
				en,
				Base,
			);
			mainGroup = B2303BDD24E5BCC6003D0FC1;
			productRefGroup = B2303BE724E5BCC6003D0FC1 /* Products */;
			projectDirPath = "";
			projectRoot = "";
			targets = (
				B2303BE524E5BCC6003D0FC1 /* youtube-playlistApp */,
			);
		};
/* End PBXProject section */

/* Begin PBXResourcesBuildPhase section */
		B2303BE424E5BCC6003D0FC1 /* Resources */ = {
			isa = PBXResourcesBuildPhase;
			buildActionMask = 2147483647;
			files = (
				B2303BF624E5BCC7003D0FC1 /* LaunchScreen.storyboard in Resources */,
				B2303BF324E5BCC7003D0FC1 /* Assets.xcassets in Resources */,
				B2303BF124E5BCC6003D0FC1 /* Main.storyboard in Resources */,
			);
			runOnlyForDeploymentPostprocessing = 0;
		};
/* End PBXResourcesBuildPhase section */

/* Begin PBXSourcesBuildPhase section */
		B2303BE224E5BCC6003D0FC1 /* Sources */ = {
			isa = PBXSourcesBuildPhase;
			buildActionMask = 2147483647;
			files = (
				B2A5EFE324E6C44200E86113 /* Model.swift in Sources */,
				B2A5EFEB24E6CCDE00E86113 /* CacheManager.swift in Sources */,
				B2A5EFE524E6C58000E86113 /* Video.swift in Sources */,
				B2303BEE24E5BCC6003D0FC1 /* ViewController.swift in Sources */,
				B2303BEA24E5BCC6003D0FC1 /* AppDelegate.swift in Sources */,
				B2303BEC24E5BCC6003D0FC1 /* SceneDelegate.swift in Sources */,
				B2A5EFE924E6CAF500E86113 /* VideoTableViewCell.swift in Sources */,
				B2A5EFED24E6CD4200E86113 /* DetailViewController.swift in Sources */,
				B2A5EFE124E6C39700E86113 /* Constants.swift in Sources */,
				B2A5EFE724E6C5C800E86113 /* Response.swift in Sources */,
			);
			runOnlyForDeploymentPostprocessing = 0;
		};
/* End PBXSourcesBuildPhase section */

/* Begin PBXVariantGroup section */
		B2303BEF24E5BCC6003D0FC1 /* Main.storyboard */ = {
			isa = PBXVariantGroup;
			children = (
				B2303BF024E5BCC6003D0FC1 /* Base */,
			);
			name = Main.storyboard;
			sourceTree = "<group>";
		};
		B2303BF424E5BCC7003D0FC1 /* LaunchScreen.storyboard */ = {
			isa = PBXVariantGroup;
			children = (
				B2303BF524E5BCC7003D0FC1 /* Base */,
			);
			name = LaunchScreen.storyboard;
			sourceTree = "<group>";
		};
/* End PBXVariantGroup section */

/* Begin XCBuildConfiguration section */
		B2303BF824E5BCC7003D0FC1 /* Debug */ = {
			isa = XCBuildConfiguration;
			buildSettings = {
				ALWAYS_SEARCH_USER_PATHS = NO;
				CLANG_ANALYZER_NONNULL = YES;
				CLANG_ANALYZER_NUMBER_OBJECT_CONVERSION = YES_AGGRESSIVE;
				CLANG_CXX_LANGUAGE_STANDARD = "gnu++14";
				CLANG_CXX_LIBRARY = "libc++";
				CLANG_ENABLE_MODULES = YES;
				CLANG_ENABLE_OBJC_ARC = YES;
				CLANG_ENABLE_OBJC_WEAK = YES;
				CLANG_WARN_BLOCK_CAPTURE_AUTORELEASING = YES;
				CLANG_WARN_BOOL_CONVERSION = YES;
				CLANG_WARN_COMMA = YES;
				CLANG_WARN_CONSTANT_CONVERSION = YES;
				CLANG_WARN_DEPRECATED_OBJC_IMPLEMENTATIONS = YES;
				CLANG_WARN_DIRECT_OBJC_ISA_USAGE = YES_ERROR;
				CLANG_WARN_DOCUMENTATION_COMMENTS = YES;
				CLANG_WARN_EMPTY_BODY = YES;
				CLANG_WARN_ENUM_CONVERSION = YES;
				CLANG_WARN_INFINITE_RECURSION = YES;
				CLANG_WARN_INT_CONVERSION = YES;
				CLANG_WARN_NON_LITERAL_NULL_CONVERSION = YES;
				CLANG_WARN_OBJC_IMPLICIT_RETAIN_SELF = YES;
				CLANG_WARN_OBJC_LITERAL_CONVERSION = YES;
				CLANG_WARN_OBJC_ROOT_CLASS = YES_ERROR;
				CLANG_WARN_RANGE_LOOP_ANALYSIS = YES;
				CLANG_WARN_STRICT_PROTOTYPES = YES;
				CLANG_WARN_SUSPICIOUS_MOVE = YES;
				CLANG_WARN_UNGUARDED_AVAILABILITY = YES_AGGRESSIVE;
				CLANG_WARN_UNREACHABLE_CODE = YES;
				CLANG_WARN__DUPLICATE_METHOD_MATCH = YES;
				COPY_PHASE_STRIP = NO;
				DEBUG_INFORMATION_FORMAT = dwarf;
				ENABLE_STRICT_OBJC_MSGSEND = YES;
				ENABLE_TESTABILITY = YES;
				GCC_C_LANGUAGE_STANDARD = gnu11;
				GCC_DYNAMIC_NO_PIC = NO;
				GCC_NO_COMMON_BLOCKS = YES;
				GCC_OPTIMIZATION_LEVEL = 0;
				GCC_PREPROCESSOR_DEFINITIONS = (
					"DEBUG=1",
					"$(inherited)",
				);
				GCC_WARN_64_TO_32_BIT_CONVERSION = YES;
				GCC_WARN_ABOUT_RETURN_TYPE = YES_ERROR;
				GCC_WARN_UNDECLARED_SELECTOR = YES;
				GCC_WARN_UNINITIALIZED_AUTOS = YES_AGGRESSIVE;
				GCC_WARN_UNUSED_FUNCTION = YES;
				GCC_WARN_UNUSED_VARIABLE = YES;
				IPHONEOS_DEPLOYMENT_TARGET = 13.6;
				MTL_ENABLE_DEBUG_INFO = INCLUDE_SOURCE;
				MTL_FAST_MATH = YES;
				ONLY_ACTIVE_ARCH = YES;
				SDKROOT = iphoneos;
				SWIFT_ACTIVE_COMPILATION_CONDITIONS = DEBUG;
				SWIFT_OPTIMIZATION_LEVEL = "-Onone";
			};
			name = Debug;
		};
		B2303BF924E5BCC7003D0FC1 /* Release */ = {
			isa = XCBuildConfiguration;
			buildSettings = {
				ALWAYS_SEARCH_USER_PATHS = NO;
				CLANG_ANALYZER_NONNULL = YES;
				CLANG_ANALYZER_NUMBER_OBJECT_CONVERSION = YES_AGGRESSIVE;
				CLANG_CXX_LANGUAGE_STANDARD = "gnu++14";
				CLANG_CXX_LIBRARY = "libc++";
				CLANG_ENABLE_MODULES = YES;
				CLANG_ENABLE_OBJC_ARC = YES;
				CLANG_ENABLE_OBJC_WEAK = YES;
				CLANG_WARN_BLOCK_CAPTURE_AUTORELEASING = YES;
				CLANG_WARN_BOOL_CONVERSION = YES;
				CLANG_WARN_COMMA = YES;
				CLANG_WARN_CONSTANT_CONVERSION = YES;
				CLANG_WARN_DEPRECATED_OBJC_IMPLEMENTATIONS = YES;
				CLANG_WARN_DIRECT_OBJC_ISA_USAGE = YES_ERROR;
				CLANG_WARN_DOCUMENTATION_COMMENTS = YES;
				CLANG_WARN_EMPTY_BODY = YES;
				CLANG_WARN_ENUM_CONVERSION = YES;
				CLANG_WARN_INFINITE_RECURSION = YES;
				CLANG_WARN_INT_CONVERSION = YES;
				CLANG_WARN_NON_LITERAL_NULL_CONVERSION = YES;
				CLANG_WARN_OBJC_IMPLICIT_RETAIN_SELF = YES;
				CLANG_WARN_OBJC_LITERAL_CONVERSION = YES;
				CLANG_WARN_OBJC_ROOT_CLASS = YES_ERROR;
				CLANG_WARN_RANGE_LOOP_ANALYSIS = YES;
				CLANG_WARN_STRICT_PROTOTYPES = YES;
				CLANG_WARN_SUSPICIOUS_MOVE = YES;
				CLANG_WARN_UNGUARDED_AVAILABILITY = YES_AGGRESSIVE;
				CLANG_WARN_UNREACHABLE_CODE = YES;
				CLANG_WARN__DUPLICATE_METHOD_MATCH = YES;
				COPY_PHASE_STRIP = NO;
				DEBUG_INFORMATION_FORMAT = "dwarf-with-dsym";
				ENABLE_NS_ASSERTIONS = NO;
				ENABLE_STRICT_OBJC_MSGSEND = YES;
				GCC_C_LANGUAGE_STANDARD = gnu11;
				GCC_NO_COMMON_BLOCKS = YES;
				GCC_WARN_64_TO_32_BIT_CONVERSION = YES;
				GCC_WARN_ABOUT_RETURN_TYPE = YES_ERROR;
				GCC_WARN_UNDECLARED_SELECTOR = YES;
				GCC_WARN_UNINITIALIZED_AUTOS = YES_AGGRESSIVE;
				GCC_WARN_UNUSED_FUNCTION = YES;
				GCC_WARN_UNUSED_VARIABLE = YES;
				IPHONEOS_DEPLOYMENT_TARGET = 13.6;
				MTL_ENABLE_DEBUG_INFO = NO;
				MTL_FAST_MATH = YES;
				SDKROOT = iphoneos;
				SWIFT_COMPILATION_MODE = wholemodule;
				SWIFT_OPTIMIZATION_LEVEL = "-O";
				VALIDATE_PRODUCT = YES;
			};
			name = Release;
		};
		B2303BFB24E5BCC7003D0FC1 /* Debug */ = {
			isa = XCBuildConfiguration;
			buildSettings = {
				ASSETCATALOG_COMPILER_APPICON_NAME = AppIcon;
				CODE_SIGN_STYLE = Automatic;
				DEVELOPMENT_TEAM = LVUJURGN29;
				INFOPLIST_FILE = "youtube-playlistApp/Info.plist";
				LD_RUNPATH_SEARCH_PATHS = (
					"$(inherited)",
					"@executable_path/Frameworks",
				);
				PRODUCT_BUNDLE_IDENTIFIER = "com.elliottkung.youtube-playlistApp";
				PRODUCT_NAME = "$(TARGET_NAME)";
				SWIFT_VERSION = 5.0;
				TARGETED_DEVICE_FAMILY = "1,2";
			};
			name = Debug;
		};
		B2303BFC24E5BCC7003D0FC1 /* Release */ = {
			isa = XCBuildConfiguration;
			buildSettings = {
				ASSETCATALOG_COMPILER_APPICON_NAME = AppIcon;
				CODE_SIGN_STYLE = Automatic;
				DEVELOPMENT_TEAM = LVUJURGN29;
				INFOPLIST_FILE = "youtube-playlistApp/Info.plist";
				LD_RUNPATH_SEARCH_PATHS = (
					"$(inherited)",
					"@executable_path/Frameworks",
				);
				PRODUCT_BUNDLE_IDENTIFIER = "com.elliottkung.youtube-playlistApp";
				PRODUCT_NAME = "$(TARGET_NAME)";
				SWIFT_VERSION = 5.0;
				TARGETED_DEVICE_FAMILY = "1,2";
			};
			name = Release;
		};
/* End XCBuildConfiguration section */

/* Begin XCConfigurationList section */
		B2303BE124E5BCC6003D0FC1 /* Build configuration list for PBXProject "youtube-playlistApp" */ = {
			isa = XCConfigurationList;
			buildConfigurations = (
				B2303BF824E5BCC7003D0FC1 /* Debug */,
				B2303BF924E5BCC7003D0FC1 /* Release */,
			);
			defaultConfigurationIsVisible = 0;
			defaultConfigurationName = Release;
		};
		B2303BFA24E5BCC7003D0FC1 /* Build configuration list for PBXNativeTarget "youtube-playlistApp" */ = {
			isa = XCConfigurationList;
			buildConfigurations = (
				B2303BFB24E5BCC7003D0FC1 /* Debug */,
				B2303BFC24E5BCC7003D0FC1 /* Release */,
			);
			defaultConfigurationIsVisible = 0;
			defaultConfigurationName = Release;
		};
/* End XCConfigurationList section */
	};
	rootObject = B2303BDE24E5BCC6003D0FC1 /* Project object */;
}
